
Microsoft Visual Studio Solution File, Format Version 12.00
# Visual Studio Version 16
VisualStudioVersion = 16.0.30413.136
MinimumVisualStudioVersion = 10.0.40219.1
Project("{FAE04EC0-301F-11D3-BF4B-00C04F79EFBC}") = "EntityFramework_Örnek_Proje", "EntityFramework_Örnek_Proje\EntityFramework_Örnek_Proje.csproj", "{ED579B8F-BD43-422C-BB83-98F460671C92}"
EndProject
Project("{FAE04EC0-301F-11D3-BF4B-00C04F79EFBC}") = "add", "add\add.csproj", "{BCA9E4AF-0FC4-4767-B0A1-271BA458B006}"
EndProject
Global
	GlobalSection(SolutionConfigurationPlatforms) = preSolution
		Debug|Any CPU = Debug|Any CPU
		Release|Any CPU = Release|Any CPU
	EndGlobalSection
	GlobalSection(ProjectConfigurationPlatforms) = postSolution
		{ED579B8F-BD43-422C-BB83-98F460671C92}.Debug|Any CPU.ActiveCfg = Debug|Any CPU
		{ED579B8F-BD43-422C-BB83-98F460671C92}.Debug|Any CPU.Build.0 = Debug|Any CPU
		{ED579B8F-BD43-422C-BB83-98F460671C92}.Release|Any CPU.ActiveCfg = Release|Any CPU
		{ED579B8F-BD43-422C-BB83-98F460671C92}.Release|Any CPU.Build.0 = Release|Any CPU
		{BCA9E4AF-0FC4-4767-B0A1-271BA458B006}.Debug|Any CPU.ActiveCfg = Debug|Any CPU
		{BCA9E4AF-0FC4-4767-B0A1-271BA458B006}.Debug|Any CPU.Build.0 = Debug|Any CPU
		{BCA9E4AF-0FC4-4767-B0A1-271BA458B006}.Release|Any CPU.ActiveCfg = Release|Any CPU
		{BCA9E4AF-0FC4-4767-B0A1-271BA458B006}.Release|Any CPU.Build.0 = Release|Any CPU
	EndGlobalSection
	GlobalSection(SolutionProperties) = preSolution
		HideSolutionNode = FALSE
	EndGlobalSection
	GlobalSection(ExtensibilityGlobals) = postSolution
		SolutionGuid = {7CF05BFC-68AD-4BDD-AEAE-AB85C426D43E}
	EndGlobalSection
EndGlobal
